# THIS IS AN AUTOGENERATED FILE. DO NOT EDIT THIS FILE DIRECTLY.
# yarn lockfile v1


"@types/rbush@^3.0.0":
  version "3.0.0"
  resolved "https://registry.yarnpkg.com/@types/rbush/-/rbush-3.0.0.tgz#b6887d99b159e87ae23cd14eceff34f139842aa6"
  integrity sha512-W3ue/GYWXBOpkRm0VSoifrP3HV0Ni47aVJWvXyWMcbtpBy/l/K/smBRiJ+fI8f7shXRjZBiux+iJzYbh7VmcZg==

"@types/sat@^0.0.31":
  version "0.0.31"
  resolved "https://registry.yarnpkg.com/@types/sat/-/sat-0.0.31.tgz#6f0bb95f333649fb8d77ae8909e5ed104fe477bb"
  integrity sha512-P4SVw79XheP1p92useDVpLYYOUQ6lpw2L7IdQz4dD23DZ8DiC1STgPOh72hjR5IZJBPQbzlICAbmjCKbwyYuxg==

detect-collisions@^3.2.1:
  version "3.2.1"
  resolved "https://registry.yarnpkg.com/detect-collisions/-/detect-collisions-3.2.1.tgz#40c64699498da03d0916700338bb52a9004ad306"
  integrity sha512-V9S5h/NTPDPRwitJ3gEMlMVjeHJrWL5I3oC8O/yzWdRdsaAG2eRiB3v7P63V7Oy0yGXfCTiTZ2BKrlzCtycA+g==
  dependencies:
    "@types/rbush" "^3.0.0"
    "@types/sat" "^0.0.31"
    rbush "^3.0.1"
    sat "^0.9.0"

quickselect@^2.0.0:
  version "2.0.0"
  resolved "https://registry.yarnpkg.com/quickselect/-/quickselect-2.0.0.tgz#f19680a486a5eefb581303e023e98faaf25dd018"
  integrity sha512-RKJ22hX8mHe3Y6wH/N3wCM6BWtjaxIyyUIkpHOvfFnxdI4yD4tBXEBKSbriGujF6jnSVkJrffuo6vxACiSSxIw==

rbush@^3.0.1:
  version "3.0.1"
  resolved "https://registry.yarnpkg.com/rbush/-/rbush-3.0.1.tgz#5fafa8a79b3b9afdfe5008403a720cc1de882ecf"
  integrity sha512-XRaVO0YecOpEuIvbhbpTrZgoiI6xBlz6hnlr6EHhd+0x9ase6EmeN+hdwwUaJvLcsFFQ8iWVF1GAK1yB0BWi0w==
  dependencies:
    quickselect "^2.0.0"

sat@^0.9.0:
  version "0.9.0"
  resolved "https://registry.yarnpkg.com/sat/-/sat-0.9.0.tgz#02091260513c8f2482da7db9377ddfeca80f5982"
  integrity sha512-mxdv5RZJO4tdMnUURGU3gAMcnDUEwcNJwE+lPO0/V+rBeDvFLH3wEZEOR0fH7cTN0zQaNxBEbHnyQL9DzupwQQ==
