{
  "requires": true,
  "lockfileVersion": 1,
  "dependencies": {
    "collisions": {
      "version": "2.0.13",
      "resolved": "https://registry.npmjs.org/collisions/-/collisions-2.0.13.tgz",
      "integrity": "sha512-KOTVGrIlzTkgmZp/OlYruqVpuAuBGcGTWurLp56n4+9c7NHBYWlF3TtNZc6hTr22GiGPE34+frBugQV4OEmFjQ=="
    },
    "prob.js": {
      "version": "1.0.6",
      "resolved": "https://registry.npmjs.org/prob.js/-/prob.js-1.0.6.tgz",
      "integrity": "sha1-65xNlIb5QhQFCWeqv7X9ks7MD/8=",
      "requires": {
        "random-js": "1.0.x"
      }
    },
    "random-js": {
      "version": "1.0.8",
      "resolved": "https://registry.npmjs.org/random-js/-/random-js-1.0.8.tgz",
      "integrity": "sha1-lo/WiabyXWwKrHZig94vaIycGQo="
    }
  }
}
